
Microsoft Visual Studio Solution File, Format Version 12.00
# Visual Studio Version 16
VisualStudioVersion = 16.0.30621.155
MinimumVisualStudioVersion = 10.0.40219.1
Project("{FAE04EC0-301F-11D3-BF4B-00C04F79EFBC}") = "1125WCFChat", "1125WCFChat\1125WCFChat.csproj", "{664A62C9-52F9-4B69-8B12-725F095C4AC3}"
EndProject
Global
	GlobalSection(SolutionConfigurationPlatforms) = preSolution
		Debug|Any CPU = Debug|Any CPU
		Release|Any CPU = Release|Any CPU
	EndGlobalSection
	GlobalSection(ProjectConfigurationPlatforms) = postSolution
		{664A62C9-52F9-4B69-8B12-725F095C4AC3}.Debug|Any CPU.ActiveCfg = Debug|Any CPU
		{664A62C9-52F9-4B69-8B12-725F095C4AC3}.Debug|Any CPU.Build.0 = Debug|Any CPU
		{664A62C9-52F9-4B69-8B12-725F095C4AC3}.Release|Any CPU.ActiveCfg = Release|Any CPU
		{664A62C9-52F9-4B69-8B12-725F095C4AC3}.Release|Any CPU.Build.0 = Release|Any CPU
	EndGlobalSection
	GlobalSection(SolutionProperties) = preSolution
		HideSolutionNode = FALSE
	EndGlobalSection
	GlobalSection(ExtensibilityGlobals) = postSolution
		SolutionGuid = {FEAAFB31-8FDD-4439-A540-C67D9B2A0EBB}
	EndGlobalSection
EndGlobal
