
Microsoft Visual Studio Solution File, Format Version 12.00
# Visual Studio Version 16
VisualStudioVersion = 16.0.30621.155
MinimumVisualStudioVersion = 10.0.40219.1
Project("{FAE04EC0-301F-11D3-BF4B-00C04F79EFBC}") = "1125WCFChatForm", "1125WCFChatForm\1125WCFChatForm.csproj", "{52F9F78F-EE98-4200-BE34-2CA4FB380970}"
EndProject
Global
	GlobalSection(SolutionConfigurationPlatforms) = preSolution
		Debug|Any CPU = Debug|Any CPU
		Release|Any CPU = Release|Any CPU
	EndGlobalSection
	GlobalSection(ProjectConfigurationPlatforms) = postSolution
		{52F9F78F-EE98-4200-BE34-2CA4FB380970}.Debug|Any CPU.ActiveCfg = Debug|Any CPU
		{52F9F78F-EE98-4200-BE34-2CA4FB380970}.Debug|Any CPU.Build.0 = Debug|Any CPU
		{52F9F78F-EE98-4200-BE34-2CA4FB380970}.Release|Any CPU.ActiveCfg = Release|Any CPU
		{52F9F78F-EE98-4200-BE34-2CA4FB380970}.Release|Any CPU.Build.0 = Release|Any CPU
	EndGlobalSection
	GlobalSection(SolutionProperties) = preSolution
		HideSolutionNode = FALSE
	EndGlobalSection
	GlobalSection(ExtensibilityGlobals) = postSolution
		SolutionGuid = {6B24250F-754D-4884-8125-09A0EBFEF84F}
	EndGlobalSection
EndGlobal
