
Microsoft Visual Studio Solution File, Format Version 12.00
# Visual Studio Version 16
VisualStudioVersion = 16.0.30225.117
MinimumVisualStudioVersion = 10.0.40219.1
Project("{8BC9CEB8-8B4A-11D0-8D11-00A0C91BC942}") = "0914 WNP Client", "0914 WNP Client\0914 WNP Client.vcxproj", "{83D9D7C9-D2B7-49B4-B588-730387592E62}"
EndProject
Global
	GlobalSection(SolutionConfigurationPlatforms) = preSolution
		Debug|x64 = Debug|x64
		Debug|x86 = Debug|x86
		Release|x64 = Release|x64
		Release|x86 = Release|x86
	EndGlobalSection
	GlobalSection(ProjectConfigurationPlatforms) = postSolution
		{83D9D7C9-D2B7-49B4-B588-730387592E62}.Debug|x64.ActiveCfg = Debug|x64
		{83D9D7C9-D2B7-49B4-B588-730387592E62}.Debug|x64.Build.0 = Debug|x64
		{83D9D7C9-D2B7-49B4-B588-730387592E62}.Debug|x86.ActiveCfg = Debug|Win32
		{83D9D7C9-D2B7-49B4-B588-730387592E62}.Debug|x86.Build.0 = Debug|Win32
		{83D9D7C9-D2B7-49B4-B588-730387592E62}.Release|x64.ActiveCfg = Release|x64
		{83D9D7C9-D2B7-49B4-B588-730387592E62}.Release|x64.Build.0 = Release|x64
		{83D9D7C9-D2B7-49B4-B588-730387592E62}.Release|x86.ActiveCfg = Release|Win32
		{83D9D7C9-D2B7-49B4-B588-730387592E62}.Release|x86.Build.0 = Release|Win32
	EndGlobalSection
	GlobalSection(SolutionProperties) = preSolution
		HideSolutionNode = FALSE
	EndGlobalSection
	GlobalSection(ExtensibilityGlobals) = postSolution
		SolutionGuid = {EBC96CAE-AA25-48C6-858E-D88E95FDC4E8}
	EndGlobalSection
EndGlobal
