
Microsoft Visual Studio Solution File, Format Version 12.00
# Visual Studio Version 16
VisualStudioVersion = 16.0.30621.155
MinimumVisualStudioVersion = 10.0.40219.1
Project("{FAE04EC0-301F-11D3-BF4B-00C04F79EFBC}") = "1116", "1116\1116.csproj", "{66BF1CCA-15F6-4B92-B8D1-146DC0B0FAC1}"
EndProject
Global
	GlobalSection(SolutionConfigurationPlatforms) = preSolution
		Debug|Any CPU = Debug|Any CPU
		Release|Any CPU = Release|Any CPU
	EndGlobalSection
	GlobalSection(ProjectConfigurationPlatforms) = postSolution
		{66BF1CCA-15F6-4B92-B8D1-146DC0B0FAC1}.Debug|Any CPU.ActiveCfg = Debug|Any CPU
		{66BF1CCA-15F6-4B92-B8D1-146DC0B0FAC1}.Debug|Any CPU.Build.0 = Debug|Any CPU
		{66BF1CCA-15F6-4B92-B8D1-146DC0B0FAC1}.Release|Any CPU.ActiveCfg = Release|Any CPU
		{66BF1CCA-15F6-4B92-B8D1-146DC0B0FAC1}.Release|Any CPU.Build.0 = Release|Any CPU
	EndGlobalSection
	GlobalSection(SolutionProperties) = preSolution
		HideSolutionNode = FALSE
	EndGlobalSection
	GlobalSection(ExtensibilityGlobals) = postSolution
		SolutionGuid = {CE901E99-7EED-40F0-BD1D-CB028DDDA939}
	EndGlobalSection
EndGlobal
