
Microsoft Visual Studio Solution File, Format Version 12.00
# Visual Studio Version 16
VisualStudioVersion = 16.0.30225.117
MinimumVisualStudioVersion = 10.0.40219.1
Project("{8BC9CEB8-8B4A-11D0-8D11-00A0C91BC942}") = "DLL", "DLL\DLL.vcxproj", "{D451C79C-D1D2-4F61-A980-9FC64CE09BE6}"
EndProject
Global
	GlobalSection(SolutionConfigurationPlatforms) = preSolution
		Debug|x64 = Debug|x64
		Debug|x86 = Debug|x86
		Release|x64 = Release|x64
		Release|x86 = Release|x86
	EndGlobalSection
	GlobalSection(ProjectConfigurationPlatforms) = postSolution
		{D451C79C-D1D2-4F61-A980-9FC64CE09BE6}.Debug|x64.ActiveCfg = Debug|x64
		{D451C79C-D1D2-4F61-A980-9FC64CE09BE6}.Debug|x64.Build.0 = Debug|x64
		{D451C79C-D1D2-4F61-A980-9FC64CE09BE6}.Debug|x86.ActiveCfg = Debug|Win32
		{D451C79C-D1D2-4F61-A980-9FC64CE09BE6}.Debug|x86.Build.0 = Debug|Win32
		{D451C79C-D1D2-4F61-A980-9FC64CE09BE6}.Release|x64.ActiveCfg = Release|x64
		{D451C79C-D1D2-4F61-A980-9FC64CE09BE6}.Release|x64.Build.0 = Release|x64
		{D451C79C-D1D2-4F61-A980-9FC64CE09BE6}.Release|x86.ActiveCfg = Release|Win32
		{D451C79C-D1D2-4F61-A980-9FC64CE09BE6}.Release|x86.Build.0 = Release|Win32
	EndGlobalSection
	GlobalSection(SolutionProperties) = preSolution
		HideSolutionNode = FALSE
	EndGlobalSection
	GlobalSection(ExtensibilityGlobals) = postSolution
		SolutionGuid = {578A5113-AFD1-4792-8919-CD355FD33DB9}
	EndGlobalSection
EndGlobal
