
Microsoft Visual Studio Solution File, Format Version 12.00
# Visual Studio Version 16
VisualStudioVersion = 16.0.30225.117
MinimumVisualStudioVersion = 10.0.40219.1
Project("{8BC9CEB8-8B4A-11D0-8D11-00A0C91BC942}") = "계좌 생성 모달활용 프로그램", "계좌 생성 모달활용 프로그램\계좌 생성 모달활용 프로그램.vcxproj", "{77D62344-47C3-41AE-BA55-EF3B50730C70}"
EndProject
Global
	GlobalSection(SolutionConfigurationPlatforms) = preSolution
		Debug|x64 = Debug|x64
		Debug|x86 = Debug|x86
		Release|x64 = Release|x64
		Release|x86 = Release|x86
	EndGlobalSection
	GlobalSection(ProjectConfigurationPlatforms) = postSolution
		{77D62344-47C3-41AE-BA55-EF3B50730C70}.Debug|x64.ActiveCfg = Debug|x64
		{77D62344-47C3-41AE-BA55-EF3B50730C70}.Debug|x64.Build.0 = Debug|x64
		{77D62344-47C3-41AE-BA55-EF3B50730C70}.Debug|x86.ActiveCfg = Debug|Win32
		{77D62344-47C3-41AE-BA55-EF3B50730C70}.Debug|x86.Build.0 = Debug|Win32
		{77D62344-47C3-41AE-BA55-EF3B50730C70}.Release|x64.ActiveCfg = Release|x64
		{77D62344-47C3-41AE-BA55-EF3B50730C70}.Release|x64.Build.0 = Release|x64
		{77D62344-47C3-41AE-BA55-EF3B50730C70}.Release|x86.ActiveCfg = Release|Win32
		{77D62344-47C3-41AE-BA55-EF3B50730C70}.Release|x86.Build.0 = Release|Win32
	EndGlobalSection
	GlobalSection(SolutionProperties) = preSolution
		HideSolutionNode = FALSE
	EndGlobalSection
	GlobalSection(ExtensibilityGlobals) = postSolution
		SolutionGuid = {2B5ED953-87B8-4D86-AFBE-61AAA146A863}
	EndGlobalSection
EndGlobal
