
Microsoft Visual Studio Solution File, Format Version 12.00
# Visual Studio Version 16
VisualStudioVersion = 16.0.30621.155
MinimumVisualStudioVersion = 10.0.40219.1
Project("{FAE04EC0-301F-11D3-BF4B-00C04F79EFBC}") = "1123WebPictureService", "1123WebPictureService\1123WebPictureService.csproj", "{1BEFC1A4-DB3B-4028-90DC-9A0C9BAA3185}"
EndProject
Global
	GlobalSection(SolutionConfigurationPlatforms) = preSolution
		Debug|Any CPU = Debug|Any CPU
		Release|Any CPU = Release|Any CPU
	EndGlobalSection
	GlobalSection(ProjectConfigurationPlatforms) = postSolution
		{1BEFC1A4-DB3B-4028-90DC-9A0C9BAA3185}.Debug|Any CPU.ActiveCfg = Debug|Any CPU
		{1BEFC1A4-DB3B-4028-90DC-9A0C9BAA3185}.Debug|Any CPU.Build.0 = Debug|Any CPU
		{1BEFC1A4-DB3B-4028-90DC-9A0C9BAA3185}.Release|Any CPU.ActiveCfg = Release|Any CPU
		{1BEFC1A4-DB3B-4028-90DC-9A0C9BAA3185}.Release|Any CPU.Build.0 = Release|Any CPU
	EndGlobalSection
	GlobalSection(SolutionProperties) = preSolution
		HideSolutionNode = FALSE
	EndGlobalSection
	GlobalSection(ExtensibilityGlobals) = postSolution
		SolutionGuid = {ADEED333-AEC3-4003-99C4-74B03FE57318}
	EndGlobalSection
EndGlobal
