
Microsoft Visual Studio Solution File, Format Version 12.00
# Visual Studio Version 16
VisualStudioVersion = 16.0.30621.155
MinimumVisualStudioVersion = 10.0.40219.1
Project("{FAE04EC0-301F-11D3-BF4B-00C04F79EFBC}") = "1124PictureService", "1124PictureService\1124PictureService.csproj", "{1E5112E4-C041-47D1-B503-7BF7ED2113DC}"
EndProject
Global
	GlobalSection(SolutionConfigurationPlatforms) = preSolution
		Debug|Any CPU = Debug|Any CPU
		Release|Any CPU = Release|Any CPU
	EndGlobalSection
	GlobalSection(ProjectConfigurationPlatforms) = postSolution
		{1E5112E4-C041-47D1-B503-7BF7ED2113DC}.Debug|Any CPU.ActiveCfg = Debug|Any CPU
		{1E5112E4-C041-47D1-B503-7BF7ED2113DC}.Debug|Any CPU.Build.0 = Debug|Any CPU
		{1E5112E4-C041-47D1-B503-7BF7ED2113DC}.Release|Any CPU.ActiveCfg = Release|Any CPU
		{1E5112E4-C041-47D1-B503-7BF7ED2113DC}.Release|Any CPU.Build.0 = Release|Any CPU
	EndGlobalSection
	GlobalSection(SolutionProperties) = preSolution
		HideSolutionNode = FALSE
	EndGlobalSection
	GlobalSection(ExtensibilityGlobals) = postSolution
		SolutionGuid = {D0D5ECFA-9D8C-4351-BE46-310C69394F15}
	EndGlobalSection
EndGlobal
